
Microsoft Visual Studio Solution File, Format Version 12.00
Project("{FAE04EC0-301F-11D3-BF4B-00C04F79EFBC}") = "mhwilds-difficulty-script", "mhwilds-difficulty-script.csproj", "{DD996B20-5529-4D0A-A252-737DEC1C5AB9}"
EndProject
Global
	GlobalSection(SolutionConfigurationPlatforms) = preSolution
		Debug|Any CPU = Debug|Any CPU
		Release|Any CPU = Release|Any CPU
	EndGlobalSection
	GlobalSection(ProjectConfigurationPlatforms) = postSolution
		{DD996B20-5529-4D0A-A252-737DEC1C5AB9}.Debug|Any CPU.ActiveCfg = Debug|Any CPU
		{DD996B20-5529-4D0A-A252-737DEC1C5AB9}.Debug|Any CPU.Build.0 = Debug|Any CPU
		{DD996B20-5529-4D0A-A252-737DEC1C5AB9}.Release|Any CPU.ActiveCfg = Release|Any CPU
		{DD996B20-5529-4D0A-A252-737DEC1C5AB9}.Release|Any CPU.Build.0 = Release|Any CPU
	EndGlobalSection
EndGlobal
